# This file is automatically @generated by Poetry 1.8.5 and should not be changed by hand.

[[package]]
name = "colorama"
version = "0.4.6"
description = "Cross-platform colored terminal text."
optional = false
python-versions = "!=3.0.*,!=3.1.*,!=3.2.*,!=3.3.*,!=3.4.*,!=3.5.*,!=3.6.*,>=2.7"
files = [
    {file = "colorama-0.4.6-py2.py3-none-any.whl", hash = "sha256:4f1d9991f5acc0ca119f9d443620b77f9d6b33703e51011c16baf57afb285fc6"},
    {file = "colorama-0.4.6.tar.gz", hash = "sha256:08695f5cb7ed6e0531a20572697297273c47b8cae5a63ffc6d6ed5c201be6e44"},
]

[[package]]
name = "coverage"
version = "7.6.1"
description = "Code coverage measurement for Python"
optional = false
python-versions = ">=3.8"
files = [
    {file = "coverage-7.6.1-cp310-cp310-macosx_10_9_x86_64.whl", hash = "sha256:b06079abebbc0e89e6163b8e8f0e16270124c154dc6e4a47b413dd538859af16"},
    {file = "coverage-7.6.1-cp310-cp310-macosx_11_0_arm64.whl", hash = "sha256:cf4b19715bccd7ee27b6b120e7e9dd56037b9c0681dcc1adc9ba9db3d417fa36"},
    {file = "coverage-7.6.1-cp310-cp310-manylinux_2_17_aarch64.manylinux2014_aarch64.whl", hash = "sha256:e61c0abb4c85b095a784ef23fdd4aede7a2628478e7baba7c5e3deba61070a02"},
    {file = "coverage-7.6.1-cp310-cp310-manylinux_2_5_i686.manylinux1_i686.manylinux_2_17_i686.manylinux2014_i686.whl", hash = "sha256:fd21f6ae3f08b41004dfb433fa895d858f3f5979e7762d052b12aef444e29afc"},
    {file = "coverage-7.6.1-cp310-cp310-manylinux_2_5_x86_64.manylinux1_x86_64.manylinux_2_17_x86_64.manylinux2014_x86_64.whl", hash = "sha256:8f59d57baca39b32db42b83b2a7ba6f47ad9c394ec2076b084c3f029b7afca23"},
    {file = "coverage-7.6.1-cp310-cp310-musllinux_1_2_aarch64.whl", hash = "sha256:a1ac0ae2b8bd743b88ed0502544847c3053d7171a3cff9228af618a068ed9c34"},
    {file = "coverage-7.6.1-cp310-cp310-musllinux_1_2_i686.whl", hash = "sha256:e6a08c0be454c3b3beb105c0596ebdc2371fab6bb90c0c0297f4e58fd7e1012c"},
    {file = "coverage-7.6.1-cp310-cp310-musllinux_1_2_x86_64.whl", hash = "sha256:f5796e664fe802da4f57a168c85359a8fbf3eab5e55cd4e4569fbacecc903959"},
    {file = "coverage-7.6.1-cp310-cp310-win32.whl", hash = "sha256:7bb65125fcbef8d989fa1dd0e8a060999497629ca5b0efbca209588a73356232"},
    {file = "coverage-7.6.1-cp310-cp310-win_amd64.whl", hash = "sha256:3115a95daa9bdba70aea750db7b96b37259a81a709223c8448fa97727d546fe0"},
    {file = "coverage-7.6.1-cp311-cp311-macosx_10_9_x86_64.whl", hash = "sha256:7dea0889685db8550f839fa202744652e87c60015029ce3f60e006f8c4462c93"},
    {file = "coverage-7.6.1-cp311-cp311-macosx_11_0_arm64.whl", hash = "sha256:ed37bd3c3b063412f7620464a9ac1314d33100329f39799255fb8d3027da50d3"},
    {file = "coverage-7.6.1-cp311-cp311-manylinux_2_17_aarch64.manylinux2014_aarch64.whl", hash = "sha256:d85f5e9a5f8b73e2350097c3756ef7e785f55bd71205defa0bfdaf96c31616ff"},
    {file = "coverage-7.6.1-cp311-cp311-manylinux_2_5_i686.manylinux1_i686.manylinux_2_17_i686.manylinux2014_i686.whl", hash = "sha256:9bc572be474cafb617672c43fe989d6e48d3c83af02ce8de73fff1c6bb3c198d"},
    {file = "coverage-7.6.1-cp311-cp311-manylinux_2_5_x86_64.manylinux1_x86_64.manylinux_2_17_x86_64.manylinux2014_x86_64.whl", hash = "sha256:0c0420b573964c760df9e9e86d1a9a622d0d27f417e1a949a8a66dd7bcee7bc6"},
    {file = "coverage-7.6.1-cp311-cp311-musllinux_1_2_aarch64.whl", hash = "sha256:1f4aa8219db826ce6be7099d559f8ec311549bfc4046f7f9fe9b5cea5c581c56"},
    {file = "coverage-7.6.1-cp311-cp311-musllinux_1_2_i686.whl", hash = "sha256:fc5a77d0c516700ebad189b587de289a20a78324bc54baee03dd486f0855d234"},
    {file = "coverage-7.6.1-cp311-cp311-musllinux_1_2_x86_64.whl", hash = "sha256:b48f312cca9621272ae49008c7f613337c53fadca647d6384cc129d2996d1133"},
    {file = "coverage-7.6.1-cp311-cp311-win32.whl", hash = "sha256:1125ca0e5fd475cbbba3bb67ae20bd2c23a98fac4e32412883f9bcbaa81c314c"},
    {file = "coverage-7.6.1-cp311-cp311-win_amd64.whl", hash = "sha256:8ae539519c4c040c5ffd0632784e21b2f03fc1340752af711f33e5be83a9d6c6"},
    {file = "coverage-7.6.1-cp312-cp312-macosx_10_9_x86_64.whl", hash = "sha256:95cae0efeb032af8458fc27d191f85d1717b1d4e49f7cb226cf526ff28179778"},
    {file = "coverage-7.6.1-cp312-cp312-macosx_11_0_arm64.whl", hash = "sha256:5621a9175cf9d0b0c84c2ef2b12e9f5f5071357c4d2ea6ca1cf01814f45d2391"},
    {file = "coverage-7.6.1-cp312-cp312-manylinux_2_17_aarch64.manylinux2014_aarch64.whl", hash = "sha256:260933720fdcd75340e7dbe9060655aff3af1f0c5d20f46b57f262ab6c86a5e8"},
    {file = "coverage-7.6.1-cp312-cp312-manylinux_2_5_i686.manylinux1_i686.manylinux_2_17_i686.manylinux2014_i686.whl", hash = "sha256:07e2ca0ad381b91350c0ed49d52699b625aab2b44b65e1b4e02fa9df0e92ad2d"},
    {file = "coverage-7.6.1-cp312-cp312-manylinux_2_5_x86_64.manylinux1_x86_64.manylinux_2_17_x86_64.manylinux2014_x86_64.whl", hash = "sha256:c44fee9975f04b33331cb8eb272827111efc8930cfd582e0320613263ca849ca"},
    {file = "coverage-7.6.1-cp312-cp312-musllinux_1_2_aarch64.whl", hash = "sha256:877abb17e6339d96bf08e7a622d05095e72b71f8afd8a9fefc82cf30ed944163"},
    {file = "coverage-7.6.1-cp312-cp312-musllinux_1_2_i686.whl", hash = "sha256:3e0cadcf6733c09154b461f1ca72d5416635e5e4ec4e536192180d34ec160f8a"},
    {file = "coverage-7.6.1-cp312-cp312-musllinux_1_2_x86_64.whl", hash = "sha256:c3c02d12f837d9683e5ab2f3d9844dc57655b92c74e286c262e0fc54213c216d"},
    {file = "coverage-7.6.1-cp312-cp312-win32.whl", hash = "sha256:e05882b70b87a18d937ca6768ff33cc3f72847cbc4de4491c8e73880766718e5"},
    {file = "coverage-7.6.1-cp312-cp312-win_amd64.whl", hash = "sha256:b5d7b556859dd85f3a541db6a4e0167b86e7273e1cdc973e5b175166bb634fdb"},
    {file = "coverage-7.6.1-cp313-cp313-macosx_10_13_x86_64.whl", hash = "sha256:a4acd025ecc06185ba2b801f2de85546e0b8ac787cf9d3b06e7e2a69f925b106"},
    {file = "coverage-7.6.1-cp313-cp313-macosx_11_0_arm64.whl", hash = "sha256:a6d3adcf24b624a7b778533480e32434a39ad8fa30c315208f6d3e5542aeb6e9"},
    {file = "coverage-7.6.1-cp313-cp313-manylinux_2_17_aarch64.manylinux2014_aarch64.whl", hash = "sha256:d0c212c49b6c10e6951362f7c6df3329f04c2b1c28499563d4035d964ab8e08c"},
    {file = "coverage-7.6.1-cp313-cp313-manylinux_2_5_i686.manylinux1_i686.manylinux_2_17_i686.manylinux2014_i686.whl", hash = "sha256:6e81d7a3e58882450ec4186ca59a3f20a5d4440f25b1cff6f0902ad890e6748a"},
    {file = "coverage-7.6.1-cp313-cp313-manylinux_2_5_x86_64.manylinux1_x86_64.manylinux_2_17_x86_64.manylinux2014_x86_64.whl", hash = "sha256:78b260de9790fd81e69401c2dc8b17da47c8038176a79092a89cb2b7d945d060"},
    {file = "coverage-7.6.1-cp313-cp313-musllinux_1_2_aarch64.whl", hash = "sha256:a78d169acd38300060b28d600344a803628c3fd585c912cacc9ea8790fe96862"},
    {file = "coverage-7.6.1-cp313-cp313-musllinux_1_2_i686.whl", hash = "sha256:2c09f4ce52cb99dd7505cd0fc8e0e37c77b87f46bc9c1eb03fe3bc9991085388"},
    {file = "coverage-7.6.1-cp313-cp313-musllinux_1_2_x86_64.whl", hash = "sha256:6878ef48d4227aace338d88c48738a4258213cd7b74fd9a3d4d7582bb1d8a155"},
    {file = "coverage-7.6.1-cp313-cp313-win32.whl", hash = "sha256:44df346d5215a8c0e360307d46ffaabe0f5d3502c8a1cefd700b34baf31d411a"},
    {file = "coverage-7.6.1-cp313-cp313-win_amd64.whl", hash = "sha256:8284cf8c0dd272a247bc154eb6c95548722dce90d098c17a883ed36e67cdb129"},
    {file = "coverage-7.6.1-cp313-cp313t-macosx_10_13_x86_64.whl", hash = "sha256:d3296782ca4eab572a1a4eca686d8bfb00226300dcefdf43faa25b5242ab8a3e"},
    {file = "coverage-7.6.1-cp313-cp313t-macosx_11_0_arm64.whl", hash = "sha256:502753043567491d3ff6d08629270127e0c31d4184c4c8d98f92c26f65019962"},
    {file = "coverage-7.6.1-cp313-cp313t-manylinux_2_17_aarch64.manylinux2014_aarch64.whl", hash = "sha256:6a89ecca80709d4076b95f89f308544ec8f7b4727e8a547913a35f16717856cb"},
    {file = "coverage-7.6.1-cp313-cp313t-manylinux_2_5_i686.manylinux1_i686.manylinux_2_17_i686.manylinux2014_i686.whl", hash = "sha256:a318d68e92e80af8b00fa99609796fdbcdfef3629c77c6283566c6f02c6d6704"},
    {file = "coverage-7.6.1-cp313-cp313t-manylinux_2_5_x86_64.manylinux1_x86_64.manylinux_2_17_x86_64.manylinux2014_x86_64.whl", hash = "sha256:13b0a73a0896988f053e4fbb7de6d93388e6dd292b0d87ee51d106f2c11b465b"},
    {file = "coverage-7.6.1-cp313-cp313t-musllinux_1_2_aarch64.whl", hash = "sha256:4421712dbfc5562150f7554f13dde997a2e932a6b5f352edcce948a815efee6f"},
    {file = "coverage-7.6.1-cp313-cp313t-musllinux_1_2_i686.whl", hash = "sha256:166811d20dfea725e2e4baa71fffd6c968a958577848d2131f39b60043400223"},
    {file = "coverage-7.6.1-cp313-cp313t-musllinux_1_2_x86_64.whl", hash = "sha256:225667980479a17db1048cb2bf8bfb39b8e5be8f164b8f6628b64f78a72cf9d3"},
    {file = "coverage-7.6.1-cp313-cp313t-win32.whl", hash = "sha256:170d444ab405852903b7d04ea9ae9b98f98ab6d7e63e1115e82620807519797f"},
    {file = "coverage-7.6.1-cp313-cp313t-win_amd64.whl", hash = "sha256:b9f222de8cded79c49bf184bdbc06630d4c58eec9459b939b4a690c82ed05657"},
    {file = "coverage-7.6.1-cp38-cp38-macosx_10_9_x86_64.whl", hash = "sha256:6db04803b6c7291985a761004e9060b2bca08da6d04f26a7f2294b8623a0c1a0"},
    {file = "coverage-7.6.1-cp38-cp38-macosx_11_0_arm64.whl", hash = "sha256:f1adfc8ac319e1a348af294106bc6a8458a0f1633cc62a1446aebc30c5fa186a"},
    {file = "coverage-7.6.1-cp38-cp38-manylinux_2_17_aarch64.manylinux2014_aarch64.whl", hash = "sha256:a95324a9de9650a729239daea117df21f4b9868ce32e63f8b650ebe6cef5595b"},
    {file = "coverage-7.6.1-cp38-cp38-manylinux_2_5_i686.manylinux1_i686.manylinux_2_17_i686.manylinux2014_i686.whl", hash = "sha256:b43c03669dc4618ec25270b06ecd3ee4fa94c7f9b3c14bae6571ca00ef98b0d3"},
    {file = "coverage-7.6.1-cp38-cp38-manylinux_2_5_x86_64.manylinux1_x86_64.manylinux_2_17_x86_64.manylinux2014_x86_64.whl", hash = "sha256:8929543a7192c13d177b770008bc4e8119f2e1f881d563fc6b6305d2d0ebe9de"},
    {file = "coverage-7.6.1-cp38-cp38-musllinux_1_2_aarch64.whl", hash = "sha256:a09ece4a69cf399510c8ab25e0950d9cf2b42f7b3cb0374f95d2e2ff594478a6"},
    {file = "coverage-7.6.1-cp38-cp38-musllinux_1_2_i686.whl", hash = "sha256:9054a0754de38d9dbd01a46621636689124d666bad1936d76c0341f7d71bf569"},
    {file = "coverage-7.6.1-cp38-cp38-musllinux_1_2_x86_64.whl", hash = "sha256:0dbde0f4aa9a16fa4d754356a8f2e36296ff4d83994b2c9d8398aa32f222f989"},
    {file = "coverage-7.6.1-cp38-cp38-win32.whl", hash = "sha256:da511e6ad4f7323ee5702e6633085fb76c2f893aaf8ce4c51a0ba4fc07580ea7"},
    {file = "coverage-7.6.1-cp38-cp38-win_amd64.whl", hash = "sha256:3f1156e3e8f2872197af3840d8ad307a9dd18e615dc64d9ee41696f287c57ad8"},
    {file = "coverage-7.6.1-cp39-cp39-macosx_10_9_x86_64.whl", hash = "sha256:abd5fd0db5f4dc9289408aaf34908072f805ff7792632250dcb36dc591d24255"},
    {file = "coverage-7.6.1-cp39-cp39-macosx_11_0_arm64.whl", hash = "sha256:547f45fa1a93154bd82050a7f3cddbc1a7a4dd2a9bf5cb7d06f4ae29fe94eaf8"},
    {file = "coverage-7.6.1-cp39-cp39-manylinux_2_17_aarch64.manylinux2014_aarch64.whl", hash = "sha256:645786266c8f18a931b65bfcefdbf6952dd0dea98feee39bd188607a9d307ed2"},
    {file = "coverage-7.6.1-cp39-cp39-manylinux_2_5_i686.manylinux1_i686.manylinux_2_17_i686.manylinux2014_i686.whl", hash = "sha256:9e0b2df163b8ed01d515807af24f63de04bebcecbd6c3bfeff88385789fdf75a"},
    {file = "coverage-7.6.1-cp39-cp39-manylinux_2_5_x86_64.manylinux1_x86_64.manylinux_2_17_x86_64.manylinux2014_x86_64.whl", hash = "sha256:609b06f178fe8e9f89ef676532760ec0b4deea15e9969bf754b37f7c40326dbc"},
    {file = "coverage-7.6.1-cp39-cp39-musllinux_1_2_aarch64.whl", hash = "sha256:702855feff378050ae4f741045e19a32d57d19f3e0676d589df0575008ea5004"},
    {file = "coverage-7.6.1-cp39-cp39-musllinux_1_2_i686.whl", hash = "sha256:2bdb062ea438f22d99cba0d7829c2ef0af1d768d1e4a4f528087224c90b132cb"},
    {file = "coverage-7.6.1-cp39-cp39-musllinux_1_2_x86_64.whl", hash = "sha256:9c56863d44bd1c4fe2abb8a4d6f5371d197f1ac0ebdee542f07f35895fc07f36"},
    {file = "coverage-7.6.1-cp39-cp39-win32.whl", hash = "sha256:6e2cd258d7d927d09493c8df1ce9174ad01b381d4729a9d8d4e38670ca24774c"},
    {file = "coverage-7.6.1-cp39-cp39-win_amd64.whl", hash = "sha256:06a737c882bd26d0d6ee7269b20b12f14a8704807a01056c80bb881a4b2ce6ca"},
    {file = "coverage-7.6.1-pp38.pp39.pp310-none-any.whl", hash = "sha256:e9a6e0eb86070e8ccaedfbd9d38fec54864f3125ab95419970575b42af7541df"},
    {file = "coverage-7.6.1.tar.gz", hash = "sha256:953510dfb7b12ab69d20135a0662397f077c59b1e6379a768e97c59d852ee51d"},
]

[package.dependencies]
tomli = {version = "*", optional = true, markers = "python_full_version <= \"3.11.0a6\" and extra == \"toml\""}

[package.extras]
toml = ["tomli"]

[[package]]
name = "exceptiongroup"
version = "1.2.2"
description = "Backport of PEP 654 (exception groups)"
optional = false
python-versions = ">=3.7"
files = [
    {file = "exceptiongroup-1.2.2-py3-none-any.whl", hash = "sha256:3111b9d131c238bec2f8f516e123e14ba243563fb135d3fe885990585aa7795b"},
    {file = "exceptiongroup-1.2.2.tar.gz", hash = "sha256:47c2edf7c6738fafb49fd34290706d1a1a2f4d1c6df275526b62cbb4aa5393cc"},
]

[package.extras]
test = ["pytest (>=6)"]

[[package]]
name = "iniconfig"
version = "2.0.0"
description = "brain-dead simple config-ini parsing"
optional = false
python-versions = ">=3.7"
files = [
    {file = "iniconfig-2.0.0-py3-none-any.whl", hash = "sha256:b6a85871a79d2e3b22d2d1b94ac2824226a63c6b741c88f7ae975f18b6778374"},
    {file = "iniconfig-2.0.0.tar.gz", hash = "sha256:2d91e135bf72d31a410b17c16da610a82cb55f6b0477d1a902134b24a455b8b3"},
]

[[package]]
name = "packaging"
version = "24.1"
description = "Core utilities for Python packages"
optional = false
python-versions = ">=3.8"
files = [
    {file = "packaging-24.1-py3-none-any.whl", hash = "sha256:5b8f2217dbdbd2f7f384c41c628544e6d52f2d0f53c6d0c3ea61aa5d1d7ff124"},
    {file = "packaging-24.1.tar.gz", hash = "sha256:026ed72c8ed3fcce5bf8950572258698927fd1dbda10a5e981cdf0ac37f4f002"},
]

[[package]]
name = "pluggy"
version = "1.5.0"
description = "plugin and hook calling mechanisms for python"
optional = false
python-versions = ">=3.8"
files = [
    {file = "pluggy-1.5.0-py3-none-any.whl", hash = "sha256:44e1ad92c8ca002de6377e165f3e0f1be63266ab4d554740532335b9d75ea669"},
    {file = "pluggy-1.5.0.tar.gz", hash = "sha256:2cffa88e94fdc978c4c574f15f9e59b7f4201d439195c3715ca9e2486f1d0cf1"},
]

[package.extras]
dev = ["pre-commit", "tox"]
testing = ["pytest", "pytest-benchmark"]

[[package]]
name = "propcache"
version = "0.0.0"
description = "Accelerated property cache"
optional = false
python-versions = ">=3.8"
files = [
    {file = "propcache-0.0.0-cp310-cp310-macosx_10_9_universal2.whl", hash = "sha256:82f17d5934b9923e2537d49963ea58c685953512bd875169fa0343270e82142b"},
    {file = "propcache-0.0.0-cp310-cp310-macosx_10_9_x86_64.whl", hash = "sha256:f54e7dd5ed74b2e9963d682326d3ee2fdc164ef728ac4b7c205a8cb463dc801f"},
    {file = "propcache-0.0.0-cp310-cp310-macosx_11_0_arm64.whl", hash = "sha256:1001001e3227568861510115b3e1c89e63a0691680157bd1b677c9761e7906db"},
    {file = "propcache-0.0.0-cp310-cp310-manylinux_2_17_aarch64.manylinux2014_aarch64.whl", hash = "sha256:c50ce063f25a5abfe30f926149d77e0e3b573d3f5c17fae32c78eff89432171a"},
    {file = "propcache-0.0.0-cp310-cp310-manylinux_2_17_ppc64le.manylinux2014_ppc64le.whl", hash = "sha256:24278e7cc199842a91ec0c97bcc1cc232dd7357b376f8019b827df25a19d354b"},
    {file = "propcache-0.0.0-cp310-cp310-manylinux_2_17_s390x.manylinux2014_s390x.whl", hash = "sha256:555ddda26eb6349becde74296ae08458f83c8d908ba943e4ce2956e4f2de68c0"},
    {file = "propcache-0.0.0-cp310-cp310-manylinux_2_17_x86_64.manylinux2014_x86_64.whl", hash = "sha256:398fcdbfcd50a2811cf52fc04bc97d215adfd0fd1229ffdeaa266856c1aa19cb"},
    {file = "propcache-0.0.0-cp310-cp310-manylinux_2_5_i686.manylinux1_i686.manylinux_2_17_i686.manylinux2014_i686.whl", hash = "sha256:e1996a8608321637511cff47bfba8a6313d94d4c6e112590fd5b7cad4c803aa1"},
    {file = "propcache-0.0.0-cp310-cp310-musllinux_1_2_aarch64.whl", hash = "sha256:1ef1c7125acf707c6f4e73b499ba00ea99bed71dbf0e75214f0fdcb78a1ebf4d"},
    {file = "propcache-0.0.0-cp310-cp310-musllinux_1_2_i686.whl", hash = "sha256:5a4dde8046d3ed507293b2dc96d7a43e8f5a6ff88b0000769d2a16345f06fbfa"},
    {file = "propcache-0.0.0-cp310-cp310-musllinux_1_2_ppc64le.whl", hash = "sha256:30892e463f15e709252b57d9964abaad00d0a4cc5308d94acea7e037185835e7"},
    {file = "propcache-0.0.0-cp310-cp310-musllinux_1_2_s390x.whl", hash = "sha256:2ee8aeec8bb3d08edd3bcb0db450122114d680c5a7a4d7454f509523cdc428f4"},
    {file = "propcache-0.0.0-cp310-cp310-musllinux_1_2_x86_64.whl", hash = "sha256:d639e182706e62c9fb9db9b88e43cd78c12505918e0c501c9c02b1836c727ffa"},
    {file = "propcache-0.0.0-cp310-cp310-win32.whl", hash = "sha256:d991886a973012df1728d00e68d24957bc7c00678e7845c00ebd43de49c1070f"},
    {file = "propcache-0.0.0-cp310-cp310-win_amd64.whl", hash = "sha256:5599cfe888dbd123bddcb61467048a85bdd3908cf3c82425b2ec1a8e68ecefd1"},
    {file = "propcache-0.0.0-cp311-cp311-macosx_10_9_universal2.whl", hash = "sha256:1ed94cfc87331938ac15db9d0fc1a72848fad0750b66c2fff525e6493e37a6ed"},
    {file = "propcache-0.0.0-cp311-cp311-macosx_10_9_x86_64.whl", hash = "sha256:242dee671408ddd4dc08afbecbe7453ef38ec7df7684a86618e3781a66dc8dd8"},
    {file = "propcache-0.0.0-cp311-cp311-macosx_11_0_arm64.whl", hash = "sha256:fa2e9da74df234dd6a409cc4c7eb2603aaa94703cf80d1214ac5ac558d04c29e"},
    {file = "propcache-0.0.0-cp311-cp311-manylinux_2_17_aarch64.manylinux2014_aarch64.whl", hash = "sha256:818680e2a71de289ca35b4eeb3d93116adf7ce77cc979af248ba99bf52047203"},
    {file = "propcache-0.0.0-cp311-cp311-manylinux_2_17_ppc64le.manylinux2014_ppc64le.whl", hash = "sha256:39beb27bc75b5dd84c16effcda69d261e923dbd23478b88a5da62b2177d8c67d"},
    {file = "propcache-0.0.0-cp311-cp311-manylinux_2_17_s390x.manylinux2014_s390x.whl", hash = "sha256:e4170b0767df5e60fc4f1c97896d7e220ee5f581651c61b1983d36ea4a67234f"},
    {file = "propcache-0.0.0-cp311-cp311-manylinux_2_17_x86_64.manylinux2014_x86_64.whl", hash = "sha256:09351fbae5b1d41c08fe3eb21b27459a3f29389fe1617d2866e80e1530e6eb4f"},
    {file = "propcache-0.0.0-cp311-cp311-manylinux_2_5_i686.manylinux1_i686.manylinux_2_17_i686.manylinux2014_i686.whl", hash = "sha256:c02ed1038764131232b214f3b3bcf893e110637486da072528899d62da342ca4"},
    {file = "propcache-0.0.0-cp311-cp311-musllinux_1_2_aarch64.whl", hash = "sha256:5a29147be5530dac41b043762cdb3c8c78e2fd7db8f9090ff4082075bfc0ac3f"},
    {file = "propcache-0.0.0-cp311-cp311-musllinux_1_2_i686.whl", hash = "sha256:dc8c0f62bef3cd60102515fa1512b3d9150d27e114e0daf017b4edebcae5f8e2"},
    {file = "propcache-0.0.0-cp311-cp311-musllinux_1_2_ppc64le.whl", hash = "sha256:1b426f42d6156fd747c8455438861bdd3b8adde7817db4c46836e0e091665755"},
    {file = "propcache-0.0.0-cp311-cp311-musllinux_1_2_s390x.whl", hash = "sha256:7e34dcfedfc8e2b24cdfc76b3aa5a8676eba72e05a7ab6b0dc6c9d220a857dad"},
    {file = "propcache-0.0.0-cp311-cp311-musllinux_1_2_x86_64.whl", hash = "sha256:ec0ec3f17aa9130d1f3105263c9c907c985a85f465056212df6323913dde0d94"},
    {file = "propcache-0.0.0-cp311-cp311-win32.whl", hash = "sha256:d967a378d95c71714772e72202a497e34a3b6cf1d137bbdf404c1bd048eb6e54"},
    {file = "propcache-0.0.0-cp311-cp311-win_amd64.whl", hash = "sha256:41962653ffa64cf30308e77ca597b549757c22603fc8cc06e37dd1f984914593"},
    {file = "propcache-0.0.0-cp312-cp312-macosx_10_13_universal2.whl", hash = "sha256:de90e93273f11d394f6bffa1718ccf08f4f0f7c02616eb6a11507ea0623d2970"},
    {file = "propcache-0.0.0-cp312-cp312-macosx_10_13_x86_64.whl", hash = "sha256:d38ad63b23016a6a56b668a578976570657b48a93bdcbb7ef40c176da05e17c6"},
    {file = "propcache-0.0.0-cp312-cp312-macosx_11_0_arm64.whl", hash = "sha256:1beec02c635c2ba8bb9e0bb702eac1376c99643f370bab257ff22f5c8e56e61c"},
    {file = "propcache-0.0.0-cp312-cp312-manylinux_2_17_aarch64.manylinux2014_aarch64.whl", hash = "sha256:ca48af80482f06b62db9673779687076484a18f6d2ff62d4e6c72225c1b160d3"},
    {file = "propcache-0.0.0-cp312-cp312-manylinux_2_17_ppc64le.manylinux2014_ppc64le.whl", hash = "sha256:c4df19e1db2db8d872b2d141f14eaed40043d7540d4c2310f477886ee5cf0832"},
    {file = "propcache-0.0.0-cp312-cp312-manylinux_2_17_s390x.manylinux2014_s390x.whl", hash = "sha256:40153e746a46dc59d4dedbb4aa98b2ac67810522eaaa0a06710487ddc94c89fc"},
    {file = "propcache-0.0.0-cp312-cp312-manylinux_2_17_x86_64.manylinux2014_x86_64.whl", hash = "sha256:c0d5ffecca2f23092802ead97531d30ecc202f2e240d50273b2a3607144fa379"},
    {file = "propcache-0.0.0-cp312-cp312-manylinux_2_5_i686.manylinux1_i686.manylinux_2_17_i686.manylinux2014_i686.whl", hash = "sha256:1075084a63e3892e4de9ab7bbc1925b2e4c4fa7a0fc9440771d1e15a3d3d53f5"},
    {file = "propcache-0.0.0-cp312-cp312-musllinux_1_2_aarch64.whl", hash = "sha256:cd6736e858ad9b8d3c0e07a164ede2bae4a06fc563066075c7e628f863b046ec"},
    {file = "propcache-0.0.0-cp312-cp312-musllinux_1_2_i686.whl", hash = "sha256:923584e532106fa7a48e0f458a623b29bd0006e192c1c530f37655f21f978425"},
    {file = "propcache-0.0.0-cp312-cp312-musllinux_1_2_ppc64le.whl", hash = "sha256:fdafb3a810b6adcf087824348b842a77b323c5df559875bbdb08df2f04730168"},
    {file = "propcache-0.0.0-cp312-cp312-musllinux_1_2_s390x.whl", hash = "sha256:6bcc647fc48c41d47006a03a0799c08f199518609e2ad9f7ce52956ce4903b3c"},
    {file = "propcache-0.0.0-cp312-cp312-musllinux_1_2_x86_64.whl", hash = "sha256:962eea61007202328e3ed2684345aa53fd3c3ff8e6fa849c3d6c2a09fe01500b"},
    {file = "propcache-0.0.0-cp312-cp312-win32.whl", hash = "sha256:b0eabe94192073f0f80a02fc72ea1ab99f5dcf9ce043dc2b49ae1ea0ed3f88cf"},
    {file = "propcache-0.0.0-cp312-cp312-win_amd64.whl", hash = "sha256:2bc6369c49a9a861d31a6b3520bd3bfdb4692fcb5a4a83624b45409f4f238e2b"},
    {file = "propcache-0.0.0-cp313-cp313-macosx_10_13_universal2.whl", hash = "sha256:7c652848e0118a450857f3b575a71e2cf2c1656c0bfee63e2943244010cb8e68"},
    {file = "propcache-0.0.0-cp313-cp313-macosx_10_13_x86_64.whl", hash = "sha256:07ed26abd2c44ebf999c76f10c0dffa5c33a5433953ad03f61a00b706c93fabd"},
    {file = "propcache-0.0.0-cp313-cp313-macosx_11_0_arm64.whl", hash = "sha256:7c3763c4d73a8d05aa1a76592d0e5db41a69067f1ccd38a912d2ee2b79a3d5f0"},
    {file = "propcache-0.0.0-cp313-cp313-manylinux_2_17_aarch64.manylinux2014_aarch64.whl", hash = "sha256:6230994e6089f9e066df293b60a75caf7b65b3651ccf5bdd01f1af86c6290c3f"},
    {file = "propcache-0.0.0-cp313-cp313-manylinux_2_17_ppc64le.manylinux2014_ppc64le.whl", hash = "sha256:23b779898ded8bd7ec3fcbc1be3ce149356735f2a85cc1dd2d6fbdde9050851f"},
    {file = "propcache-0.0.0-cp313-cp313-manylinux_2_17_s390x.manylinux2014_s390x.whl", hash = "sha256:79803a592f546db59681d39e8d056fcf68bec757d314d0294f5b20d191a0c398"},
    {file = "propcache-0.0.0-cp313-cp313-manylinux_2_17_x86_64.manylinux2014_x86_64.whl", hash = "sha256:91a06686828ff83a4bc540034190363370ccd3e665b03f62fd553a2a12480a9b"},
    {file = "propcache-0.0.0-cp313-cp313-manylinux_2_5_i686.manylinux1_i686.manylinux_2_17_i686.manylinux2014_i686.whl", hash = "sha256:efa8c41c7b95970f41e71566f0a97d4089da17ca5e8862c96a8a7cea9cbe21de"},
    {file = "propcache-0.0.0-cp313-cp313-musllinux_1_2_aarch64.whl", hash = "sha256:f0a3a07433a37f127dbe357bd23daf5acd6eda7d20cb86b538a8877da69e4719"},
    {file = "propcache-0.0.0-cp313-cp313-musllinux_1_2_i686.whl", hash = "sha256:ccae14cc5c104e18709ccb2eaf4f63b2fe1a4c84cde9904e8edceffad28c285c"},
    {file = "propcache-0.0.0-cp313-cp313-musllinux_1_2_ppc64le.whl", hash = "sha256:5b1b42b8914d403cd0831d253d279d609f88d585299b5132239f2ce3c2d5c3b0"},
    {file = "propcache-0.0.0-cp313-cp313-musllinux_1_2_s390x.whl", hash = "sha256:2fb86290aa83bbb5acd6928dc6795a4d561bfc3df82201ceed3e2839ed1ccd3d"},
    {file = "propcache-0.0.0-cp313-cp313-musllinux_1_2_x86_64.whl", hash = "sha256:7a88a0258a27c8df6967e7e067d3e79be6725b47645dd21010ab99f8f75f28c8"},
    {file = "propcache-0.0.0-cp313-cp313-win32.whl", hash = "sha256:1b31dce960e57f2a5df94aec9951455e608447eb9c8586230fbe6a562e852576"},
    {file = "propcache-0.0.0-cp313-cp313-win_amd64.whl", hash = "sha256:9dd8bb463f84226b60650f6d2bfcf7aa0a48af8afeb663b485a0115c58085004"},
    {file = "propcache-0.0.0-cp38-cp38-macosx_10_9_universal2.whl", hash = "sha256:b1a147f5085af8b00aaf0f67afca7e446c1335fa1a971ccbda2e650741db06bd"},
    {file = "propcache-0.0.0-cp38-cp38-macosx_10_9_x86_64.whl", hash = "sha256:128fab4828a7d690dc17c94e522d3848881e36c3ab3e8480a3089356d9e5a717"},
    {file = "propcache-0.0.0-cp38-cp38-macosx_11_0_arm64.whl", hash = "sha256:5ecb7b65ad2b777aa576fe85a38ea431bbe75ce5d27fe453858f21389095cf3a"},
    {file = "propcache-0.0.0-cp38-cp38-manylinux_2_17_aarch64.manylinux2014_aarch64.whl", hash = "sha256:10f34ee6821bf481b1478506d6d732a91cd4f8868a9bf42153958ba7f55fcdea"},
    {file = "propcache-0.0.0-cp38-cp38-manylinux_2_17_ppc64le.manylinux2014_ppc64le.whl", hash = "sha256:896f45f4149436794a95bb130812b2bbf36437b0442cd37db93e12a2b9671357"},
    {file = "propcache-0.0.0-cp38-cp38-manylinux_2_17_s390x.manylinux2014_s390x.whl", hash = "sha256:28ec223c2f5153bd15ac90b7619594d104d63885ba2160b4ed83d2875d5f39af"},
    {file = "propcache-0.0.0-cp38-cp38-manylinux_2_17_x86_64.manylinux2014_x86_64.whl", hash = "sha256:6ad828689c3bdca5b1bb130086fb1896f7ade3770eee59b789bed47bd4003ee6"},
    {file = "propcache-0.0.0-cp38-cp38-manylinux_2_5_i686.manylinux1_i686.manylinux_2_17_i686.manylinux2014_i686.whl", hash = "sha256:06f425027348fa8e95d3bcaf2295c3591376198d38a7f1aadaae73c1cdc8e302"},
    {file = "propcache-0.0.0-cp38-cp38-musllinux_1_2_aarch64.whl", hash = "sha256:4cc214c4f2d3d84ee9acd7221c0dae79aee7a69255dc1e94de406ce1a8ead664"},
    {file = "propcache-0.0.0-cp38-cp38-musllinux_1_2_i686.whl", hash = "sha256:6ced2706d46ad51c3a0dc5057c56a4fed6f0a2ea12cde5b0137978542967fc25"},
    {file = "propcache-0.0.0-cp38-cp38-musllinux_1_2_ppc64le.whl", hash = "sha256:f3fbd29cd678a13cea0fd1b779eeb9cf38f32c80a5de9726b46393b423c733ea"},
    {file = "propcache-0.0.0-cp38-cp38-musllinux_1_2_s390x.whl", hash = "sha256:8db5e0b87aa8f822f3f628c36c1a1a5d8a7b5713d8b724f4e7f6e16757e7d1ad"},
    {file = "propcache-0.0.0-cp38-cp38-musllinux_1_2_x86_64.whl", hash = "sha256:ca5bb919e1219d7c3954accbdfe64212400aa092a940b280253d7d5c6bfe550c"},
    {file = "propcache-0.0.0-cp38-cp38-win32.whl", hash = "sha256:64ab8fea156c63a3cb38c5921cea0ac26628f8084fa1cb5105e3e19bc2ffc033"},
    {file = "propcache-0.0.0-cp38-cp38-win_amd64.whl", hash = "sha256:b1193b60c3768d8b52502dcff646d7ac836ee3363ffa4319e5b8b2b163fe9c5c"},
    {file = "propcache-0.0.0-cp39-cp39-macosx_10_9_universal2.whl", hash = "sha256:812e3beeeedf66cdbb654704bc5f4c1a2e7b5fc286a37073f3971c4a7e64e3a8"},
    {file = "propcache-0.0.0-cp39-cp39-macosx_10_9_x86_64.whl", hash = "sha256:dd210c21ae4fa9ba7682bb7d012006cb6e18222640565281442bcb02ef564c9b"},
    {file = "propcache-0.0.0-cp39-cp39-macosx_11_0_arm64.whl", hash = "sha256:fb88fff10bec0d3940bcab381e30f9b51b2dc537bb99e39a404289cb3a79e253"},
    {file = "propcache-0.0.0-cp39-cp39-manylinux_2_17_aarch64.manylinux2014_aarch64.whl", hash = "sha256:60a159d64c97d1ea520f843169bd232791f7791e2d845d4304aae1b59b0c2549"},
    {file = "propcache-0.0.0-cp39-cp39-manylinux_2_17_ppc64le.manylinux2014_ppc64le.whl", hash = "sha256:4c83864a6e408503f0ddbeced0d8eefd2115c8f6f9d03b084eb58c245f903432"},
    {file = "propcache-0.0.0-cp39-cp39-manylinux_2_17_s390x.manylinux2014_s390x.whl", hash = "sha256:7c21393a4f59519447974b0aedb73816a0c5eb53a7613e58b3b5148676a18d6c"},
    {file = "propcache-0.0.0-cp39-cp39-manylinux_2_17_x86_64.manylinux2014_x86_64.whl", hash = "sha256:df5f8849db20100f5a74f4babad37b3aeabeb1e683a7a67e3227bb8604708174"},
    {file = "propcache-0.0.0-cp39-cp39-manylinux_2_5_i686.manylinux1_i686.manylinux_2_17_i686.manylinux2014_i686.whl", hash = "sha256:6b6f13b6b08993c7142f7d8aedb812a0cf7cd5e38d3c244bdf0d8a2dcbcd0e38"},
    {file = "propcache-0.0.0-cp39-cp39-musllinux_1_2_aarch64.whl", hash = "sha256:c599ad56270cba842e8ed953d74381476b63937568a4ac954bdfdddf8bf4f178"},
    {file = "propcache-0.0.0-cp39-cp39-musllinux_1_2_i686.whl", hash = "sha256:00fe78e9e406bf7344b763507d62df867e0840b43e80495eef9f75942f57c439"},
    {file = "propcache-0.0.0-cp39-cp39-musllinux_1_2_ppc64le.whl", hash = "sha256:91f98a09da6954bca1e33b544be5e21313a26b09ff585846b1f9e5e21aac716e"},
    {file = "propcache-0.0.0-cp39-cp39-musllinux_1_2_s390x.whl", hash = "sha256:c2b6e4e3471f0b52787e2e254ef368a34aca6ae21a1d3d2bd4bd3501d78fd723"},
    {file = "propcache-0.0.0-cp39-cp39-musllinux_1_2_x86_64.whl", hash = "sha256:248973cf6b39c75a94dfc047804c20382448e2ec9ce76ddb6ece04ca014e3f85"},
    {file = "propcache-0.0.0-cp39-cp39-win32.whl", hash = "sha256:0e775d87b2030e848479fe4d94336d62c6b8608485856f5842e10fcbc9a89160"},
    {file = "propcache-0.0.0-cp39-cp39-win_amd64.whl", hash = "sha256:7eeedf7006c42cd0668e83d4e4d9c1621f92fdd83f506b21bc9bf5b3610ff65f"},
    {file = "propcache-0.0.0-py3-none-any.whl", hash = "sha256:37614efe97fc14118f31f2d779289935ee7a370f6aa79e70fcd4cf5f9784c991"},
    {file = "propcache-0.0.0.tar.gz", hash = "sha256:6b32798a5a4839018bf48a95ba07cbc07807a2b93f61180d44769b7e5ddd3608"},
]

[[package]]
name = "pytest"
version = "8.3.4"
description = "pytest: simple powerful testing with Python"
optional = false
python-versions = ">=3.8"
files = [
    {file = "pytest-8.3.4-py3-none-any.whl", hash = "sha256:50e16d954148559c9a74109af1eaf0c945ba2d8f30f0a3d3335edde19788b6f6"},
    {file = "pytest-8.3.4.tar.gz", hash = "sha256:965370d062bce11e73868e0335abac31b4d3de0e82f4007408d242b4f8610761"},
]

[package.dependencies]
colorama = {version = "*", markers = "sys_platform == \"win32\""}
exceptiongroup = {version = ">=1.0.0rc8", markers = "python_version < \"3.11\""}
iniconfig = "*"
packaging = "*"
pluggy = ">=1.5,<2"
tomli = {version = ">=1", markers = "python_version < \"3.11\""}

[package.extras]
dev = ["argcomplete", "attrs (>=19.2)", "hypothesis (>=3.56)", "mock", "pygments (>=2.7.2)", "requests", "setuptools", "xmlschema"]

[[package]]
name = "pytest-cov"
version = "3.0.0"
description = "Pytest plugin for measuring coverage."
optional = false
python-versions = ">=3.6"
files = [
    {file = "pytest-cov-3.0.0.tar.gz", hash = "sha256:e7f0f5b1617d2210a2cabc266dfe2f4c75a8d32fb89eafb7ad9d06f6d076d470"},
    {file = "pytest_cov-3.0.0-py3-none-any.whl", hash = "sha256:578d5d15ac4a25e5f961c938b85a05b09fdaae9deef3bb6de9a6e766622ca7a6"},
]

[package.dependencies]
coverage = {version = ">=5.2.1", extras = ["toml"]}
pytest = ">=4.6"

[package.extras]
testing = ["fields", "hunter", "process-tests", "pytest-xdist", "six", "virtualenv"]

[[package]]
name = "tomli"
version = "2.0.1"
description = "A lil' TOML parser"
optional = false
python-versions = ">=3.7"
files = [
    {file = "tomli-2.0.1-py3-none-any.whl", hash = "sha256:939de3e7a6161af0c887ef91b7d41a53e7c5a1ca976325f429cb46ea9bc30ecc"},
    {file = "tomli-2.0.1.tar.gz", hash = "sha256:de526c12914f0c550d15924c62d72abc48d6fe7364aa87328337a31007fe8a4f"},
]

[metadata]
lock-version = "2.0"
python-versions = "^3.8"
content-hash = "477c5ebfd1b52ee36c2c5c4e605466e2c5dea0ee0932f955b5ca6aaabef07396"
